<?xml version="1.0" encoding="utf-8"?>
<Project ToolsVersion="4.0" xmlns="http://schemas.microsoft.com/developer/msbuild/2003">
  <ItemGroup>
    <Filter Include="ソース ファイル">
      <UniqueIdentifier>{4FC737F1-C7A5-4376-A066-2A32D752A2FF}</UniqueIdentifier>
      <Extensions>cpp;c;cc;cxx;c++;cppm;ixx;def;odl;idl;hpj;bat;asm;asmx</Extensions>
    </Filter>
    <Filter Include="ヘッダー ファイル">
      <UniqueIdentifier>{93995380-89BD-4b04-88EB-625FBE52EBFB}</UniqueIdentifier>
      <Extensions>h;hh;hpp;hxx;h++;hm;inl;inc;ipp;xsd</Extensions>
    </Filter>
    <Filter Include="リソース ファイル">
      <UniqueIdentifier>{67DA6AB6-F800-4c08-8B7A-83BB121AAD01}</UniqueIdentifier>
      <Extensions>rc;ico;cur;bmp;dlg;rc2;rct;bin;rgs;gif;jpg;jpeg;jpe;resx;tiff;tif;png;wav;mfcribbon-ms</Extensions>
    </Filter>
    <Filter Include="ソース ファイル\common">
      <UniqueIdentifier>{36a1654e-49f9-433e-bb3d-856e130c97ff}</UniqueIdentifier>
    </Filter>
    <Filter Include="ソース ファイル\platform">
      <UniqueIdentifier>{7a64a826-710e-4f35-b433-f608fb5bf9e3}</UniqueIdentifier>
    </Filter>
    <Filter Include="ヘッダー ファイル\common">
      <UniqueIdentifier>{e143dee5-8227-47b9-98d9-e2fb1bf654e2}</UniqueIdentifier>
    </Filter>
  </ItemGroup>
  <ItemGroup>
    <ClCompile Include="search.cpp">
      <Filter>ソース ファイル</Filter>
    </ClCompile>
    <ClCompile Include="..\..\..\10_common\src\tool.cpp">
      <Filter>ソース ファイル\common</Filter>
    </ClCompile>
    <ClCompile Include="..\..\..\10_common\src\deviceDiscovery.cpp">
      <Filter>ソース ファイル\common</Filter>
    </ClCompile>
    <ClCompile Include="..\..\..\20_platform\40_windows\debugOut.cpp">
      <Filter>ソース ファイル\platform</Filter>
    </ClCompile>
    <ClCompile Include="..\..\..\20_platform\40_windows\net.cpp">
      <Filter>ソース ファイル\platform</Filter>
    </ClCompile>
    <ClCompile Include="..\..\..\20_platform\40_windows\toolWin.cpp">
      <Filter>ソース ファイル\platform</Filter>
    </ClCompile>
  </ItemGroup>
  <ItemGroup>
    <ClInclude Include="..\..\..\10_common\common.h">
      <Filter>ヘッダー ファイル</Filter>
    </ClInclude>
    <ClInclude Include="..\..\..\10_common\DeviceDiscovery.h">
      <Filter>ヘッダー ファイル</Filter>
    </ClInclude>
    <ClInclude Include="..\..\..\10_common\Net_Base.h">
      <Filter>ヘッダー ファイル</Filter>
    </ClInclude>
    <ClInclude Include="..\..\..\10_common\tool.h">
      <Filter>ヘッダー ファイル</Filter>
    </ClInclude>
    <ClInclude Include="..\..\..\20_platform\40_windows\Net_Win.h">
      <Filter>ヘッダー ファイル</Filter>
    </ClInclude>
    <ClInclude Include="..\..\..\10_common\src\net.h">
      <Filter>ソース ファイル\common</Filter>
    </ClInclude>
    <ClInclude Include="..\..\..\20_platform\40_windows\commonWin.h">
      <Filter>ソース ファイル\platform</Filter>
    </ClInclude>
  </ItemGroup>
</Project>