<?xml version="1.0" encoding="utf-8"?>
<Project ToolsVersion="4.0" xmlns="http://schemas.microsoft.com/developer/msbuild/2003">
  <ItemGroup>
    <Filter Include="ソース ファイル">
      <UniqueIdentifier>{4FC737F1-C7A5-4376-A066-2A32D752A2FF}</UniqueIdentifier>
      <Extensions>cpp;c;cc;cxx;c++;cppm;ixx;def;odl;idl;hpj;bat;asm;asmx</Extensions>
    </Filter>
    <Filter Include="ヘッダー ファイル">
      <UniqueIdentifier>{93995380-89BD-4b04-88EB-625FBE52EBFB}</UniqueIdentifier>
      <Extensions>h;hh;hpp;hxx;h++;hm;inl;inc;ipp;xsd</Extensions>
    </Filter>
    <Filter Include="リソース ファイル">
      <UniqueIdentifier>{67DA6AB6-F800-4c08-8B7A-83BB121AAD01}</UniqueIdentifier>
      <Extensions>rc;ico;cur;bmp;dlg;rc2;rct;bin;rgs;gif;jpg;jpeg;jpe;resx;tiff;tif;png;wav;mfcribbon-ms</Extensions>
    </Filter>
    <Filter Include="common">
      <UniqueIdentifier>{9d1c9dac-88bd-4908-9256-517d0eafd605}</UniqueIdentifier>
    </Filter>
    <Filter Include="platform">
      <UniqueIdentifier>{4d7784c1-b0e1-4541-b1a0-b012723e9402}</UniqueIdentifier>
    </Filter>
    <Filter Include="testCommon">
      <UniqueIdentifier>{5b9e8ae1-652d-42ee-9516-552efdbe77f2}</UniqueIdentifier>
    </Filter>
    <Filter Include="testTarget">
      <UniqueIdentifier>{eedbce81-c858-479b-820f-530796ea04c3}</UniqueIdentifier>
    </Filter>
  </ItemGroup>
  <ItemGroup>
    <ClCompile Include="..\900_winGen\testFrame.cpp">
      <Filter>ソース ファイル</Filter>
    </ClCompile>
    <ClCompile Include="..\..\..\10_common\src\apiBase.cpp">
      <Filter>common</Filter>
    </ClCompile>
    <ClCompile Include="..\..\..\10_common\src\apiCanonCCAPI.cpp">
      <Filter>common</Filter>
    </ClCompile>
    <ClCompile Include="..\..\..\10_common\src\cameraController.cpp">
      <Filter>common</Filter>
    </ClCompile>
    <ClCompile Include="..\..\..\10_common\src\debugOut.cpp">
      <Filter>common</Filter>
    </ClCompile>
    <ClCompile Include="..\..\..\10_common\src\device.cpp">
      <Filter>common</Filter>
    </ClCompile>
    <ClCompile Include="..\..\..\10_common\src\deviceDiscovery.cpp">
      <Filter>common</Filter>
    </ClCompile>
    <ClCompile Include="..\..\..\10_common\src\tool.cpp">
      <Filter>common</Filter>
    </ClCompile>
    <ClCompile Include="..\..\..\20_platform\40_windows\debugOutWin.cpp">
      <Filter>platform</Filter>
    </ClCompile>
    <ClCompile Include="..\..\..\20_platform\40_windows\net.cpp">
      <Filter>platform</Filter>
    </ClCompile>
    <ClCompile Include="..\..\..\20_platform\40_windows\toolWin.cpp">
      <Filter>platform</Filter>
    </ClCompile>
    <ClCompile Include="..\..\90_testGen\024_luminance\src\luminance.cpp">
      <Filter>testTarget</Filter>
    </ClCompile>
    <ClCompile Include="..\..\..\10_common\src\captureRunner.cpp">
      <Filter>common</Filter>
    </ClCompile>
    <ClCompile Include="..\..\..\20_platform\40_windows\osSystemCAll.cpp">
      <Filter>platform</Filter>
    </ClCompile>
    <ClCompile Include="..\..\90_testGen\010_common\src\testGen.cpp">
      <Filter>testCommon</Filter>
    </ClCompile>
    <ClCompile Include="..\..\90_testGen\024_luminance\src\picture.cpp">
      <Filter>testTarget</Filter>
    </ClCompile>
    <ClCompile Include="..\..\..\10_common\src\netThread.cpp">
      <Filter>common</Filter>
    </ClCompile>
  </ItemGroup>
  <ItemGroup>
    <ClInclude Include="..\..\..\10_common\src\apiBase.h">
      <Filter>common</Filter>
    </ClInclude>
    <ClInclude Include="..\..\..\10_common\src\apiCanonCCAPI.h">
      <Filter>common</Filter>
    </ClInclude>
    <ClInclude Include="..\..\..\10_common\src\cameraController.h">
      <Filter>common</Filter>
    </ClInclude>
    <ClInclude Include="..\..\..\10_common\src\cameraData.h">
      <Filter>common</Filter>
    </ClInclude>
    <ClInclude Include="..\..\..\10_common\src\common.h">
      <Filter>common</Filter>
    </ClInclude>
    <ClInclude Include="..\..\..\10_common\src\debugOut.h">
      <Filter>common</Filter>
    </ClInclude>
    <ClInclude Include="..\..\..\10_common\src\device.h">
      <Filter>common</Filter>
    </ClInclude>
    <ClInclude Include="..\..\..\10_common\src\deviceDiscovery.h">
      <Filter>common</Filter>
    </ClInclude>
    <ClInclude Include="..\..\..\10_common\src\errorCode.h">
      <Filter>common</Filter>
    </ClInclude>
    <ClInclude Include="..\..\..\10_common\src\net.h">
      <Filter>common</Filter>
    </ClInclude>
    <ClInclude Include="..\..\..\10_common\src\tool.h">
      <Filter>common</Filter>
    </ClInclude>
    <ClInclude Include="..\..\..\20_platform\40_windows\commonWin.h">
      <Filter>platform</Filter>
    </ClInclude>
    <ClInclude Include="..\..\..\10_common\src\captureRunner.h">
      <Filter>common</Filter>
    </ClInclude>
    <ClInclude Include="..\..\..\10_common\src\osSystemCall.h">
      <Filter>common</Filter>
    </ClInclude>
    <ClInclude Include="..\..\..\10_common\src\netThread.h">
      <Filter>common</Filter>
    </ClInclude>
    <ClInclude Include="..\..\90_testGen\010_common\src\testGen.h">
      <Filter>testCommon</Filter>
    </ClInclude>
    <ClInclude Include="..\..\90_testGen\024_luminance\src\picture.h">
      <Filter>testTarget</Filter>
    </ClInclude>
  </ItemGroup>
</Project>