<?xml version="1.0" encoding="utf-8"?>
<Project ToolsVersion="4.0" xmlns="http://schemas.microsoft.com/developer/msbuild/2003">
  <ItemGroup>
    <Filter Include="ソース ファイル">
      <UniqueIdentifier>{4FC737F1-C7A5-4376-A066-2A32D752A2FF}</UniqueIdentifier>
      <Extensions>cpp;c;cc;cxx;c++;cppm;ixx;def;odl;idl;hpj;bat;asm;asmx</Extensions>
    </Filter>
    <Filter Include="ヘッダー ファイル">
      <UniqueIdentifier>{93995380-89BD-4b04-88EB-625FBE52EBFB}</UniqueIdentifier>
      <Extensions>h;hh;hpp;hxx;h++;hm;inl;inc;ipp;xsd</Extensions>
    </Filter>
    <Filter Include="リソース ファイル">
      <UniqueIdentifier>{67DA6AB6-F800-4c08-8B7A-83BB121AAD01}</UniqueIdentifier>
      <Extensions>rc;ico;cur;bmp;dlg;rc2;rct;bin;rgs;gif;jpg;jpeg;jpe;resx;tiff;tif;png;wav;mfcribbon-ms</Extensions>
    </Filter>
    <Filter Include="common">
      <UniqueIdentifier>{769ff117-6c60-4a4a-bf23-f20c12f1a106}</UniqueIdentifier>
    </Filter>
    <Filter Include="platform">
      <UniqueIdentifier>{912b9ab5-c069-4f6c-a918-1a9066150962}</UniqueIdentifier>
    </Filter>
    <Filter Include="testCommon">
      <UniqueIdentifier>{f456ce21-0389-42f2-9226-f075edc2f24e}</UniqueIdentifier>
    </Filter>
  </ItemGroup>
  <ItemGroup>
    <ClCompile Include="..\..\..\10_common\src\deviceDiscovery.cpp">
      <Filter>common</Filter>
    </ClCompile>
    <ClCompile Include="..\..\..\10_common\src\tool.cpp">
      <Filter>common</Filter>
    </ClCompile>
    <ClCompile Include="..\..\..\20_platform\40_windows\net.cpp">
      <Filter>platform</Filter>
    </ClCompile>
    <ClCompile Include="..\..\..\10_common\src\device.cpp">
      <Filter>common</Filter>
    </ClCompile>
    <ClCompile Include="..\..\..\20_platform\40_windows\toolWin.cpp">
      <Filter>platform</Filter>
    </ClCompile>
    <ClCompile Include="..\..\..\10_common\src\cameraController.cpp">
      <Filter>common</Filter>
    </ClCompile>
    <ClCompile Include="..\..\90_testGen\023_shutter\src\shutter.cpp">
      <Filter>testCommon</Filter>
    </ClCompile>
    <ClCompile Include="..\900_winGen\testFrame.cpp">
      <Filter>ソース ファイル</Filter>
    </ClCompile>
    <ClCompile Include="..\..\..\10_common\src\apiBase.cpp">
      <Filter>common</Filter>
    </ClCompile>
    <ClCompile Include="..\..\..\10_common\src\apiCanonCCAPI.cpp">
      <Filter>common</Filter>
    </ClCompile>
    <ClCompile Include="..\..\90_testGen\023_shutter\src\picture.cpp">
      <Filter>testCommon</Filter>
    </ClCompile>
    <ClCompile Include="..\..\90_testGen\023_shutter\src\testGen.cpp">
      <Filter>testCommon</Filter>
    </ClCompile>
    <ClCompile Include="..\..\..\20_platform\40_windows\debugOutWin.cpp">
      <Filter>platform</Filter>
    </ClCompile>
    <ClCompile Include="..\..\..\10_common\src\debugOut.cpp">
      <Filter>common</Filter>
    </ClCompile>
  </ItemGroup>
  <ItemGroup>
    <ClInclude Include="..\..\..\10_common\src\common.h">
      <Filter>common</Filter>
    </ClInclude>
    <ClInclude Include="..\..\..\10_common\src\debugOut.h">
      <Filter>common</Filter>
    </ClInclude>
    <ClInclude Include="..\..\..\10_common\src\deviceDiscovery.h">
      <Filter>common</Filter>
    </ClInclude>
    <ClInclude Include="..\..\..\10_common\src\net.h">
      <Filter>common</Filter>
    </ClInclude>
    <ClInclude Include="..\..\..\10_common\src\tool.h">
      <Filter>common</Filter>
    </ClInclude>
    <ClInclude Include="cameraApi.h">
      <Filter>ヘッダー ファイル</Filter>
    </ClInclude>
    <ClInclude Include="device.h">
      <Filter>ヘッダー ファイル</Filter>
    </ClInclude>
    <ClInclude Include="..\..\..\10_common\src\device.h">
      <Filter>common</Filter>
    </ClInclude>
    <ClInclude Include="..\..\..\20_platform\40_windows\commonWin.h">
      <Filter>platform</Filter>
    </ClInclude>
    <ClInclude Include="..\..\..\10_common\src\cameraController.h">
      <Filter>common</Filter>
    </ClInclude>
    <ClInclude Include="..\..\..\10_common\src\apiBase.h">
      <Filter>common</Filter>
    </ClInclude>
    <ClInclude Include="..\..\..\10_common\src\apiCanonCCAPI.h">
      <Filter>common</Filter>
    </ClInclude>
    <ClInclude Include="..\..\..\10_common\src\errorCode.h">
      <Filter>common</Filter>
    </ClInclude>
    <ClInclude Include="..\..\..\10_common\src\cameraData.h">
      <Filter>common</Filter>
    </ClInclude>
    <ClInclude Include="..\..\90_testGen\023_shutter\src\testGen.h">
      <Filter>testCommon</Filter>
    </ClInclude>
  </ItemGroup>
</Project>